Microsoft Visual Studio Solution File, Format Version 11.00
# Visual Studio 2008

Project("{F70A11F3-0FEB-621B-6DB5-80AABF2205B6}") = "hydrogenium", "Assembly-CSharp.csproj", "{1CE1BC6B-CED1-494E-D136-E8FD7163AA22}"
EndProject
Global
	GlobalSection(SolutionConfigurationPlatforms) = preSolution
		Debug|Any CPU = Debug|Any CPU
		Release|Any CPU = Release|Any CPU
	EndGlobalSection
	GlobalSection(ProjectConfigurationPlatforms) = postSolution
		{1CE1BC6B-CED1-494E-D136-E8FD7163AA22}.Debug|Any CPU.ActiveCfg = Debug|Any CPU
		{1CE1BC6B-CED1-494E-D136-E8FD7163AA22}.Debug|Any CPU.Build.0 = Debug|Any CPU
		{1CE1BC6B-CED1-494E-D136-E8FD7163AA22}.Release|Any CPU.ActiveCfg = Release|Any CPU
		{1CE1BC6B-CED1-494E-D136-E8FD7163AA22}.Release|Any CPU.Build.0 = Release|Any CPU
	EndGlobalSection
	GlobalSection(SolutionProperties) = preSolution
		HideSolutionNode = FALSE
	EndGlobalSection
	GlobalSection(MonoDevelopProperties) = preSolution
		StartupItem = Assembly-CSharp.csproj
	EndGlobalSection
EndGlobal
